
Microsoft Visual Studio Solution File, Format Version 12.00
# Visual Studio Version 17
VisualStudioVersion = 17.5.002.0
MinimumVisualStudioVersion = 10.0.40219.1
Project("{9A19103F-16F7-4668-BE54-9A1E7A4F7556}") = "Resume", "Resume.csproj", "{6ADA3308-7BE1-4920-93E2-4DA828221522}"
EndProject
Global
	GlobalSection(SolutionConfigurationPlatforms) = preSolution
		Debug|Any CPU = Debug|Any CPU
		Release|Any CPU = Release|Any CPU
	EndGlobalSection
	GlobalSection(ProjectConfigurationPlatforms) = postSolution
		{6ADA3308-7BE1-4920-93E2-4DA828221522}.Debug|Any CPU.ActiveCfg = Debug|Any CPU
		{6ADA3308-7BE1-4920-93E2-4DA828221522}.Debug|Any CPU.Build.0 = Debug|Any CPU
		{6ADA3308-7BE1-4920-93E2-4DA828221522}.Release|Any CPU.ActiveCfg = Release|Any CPU
		{6ADA3308-7BE1-4920-93E2-4DA828221522}.Release|Any CPU.Build.0 = Release|Any CPU
	EndGlobalSection
	GlobalSection(SolutionProperties) = preSolution
		HideSolutionNode = FALSE
	EndGlobalSection
	GlobalSection(ExtensibilityGlobals) = postSolution
		SolutionGuid = {4BF0CBE2-8451-4837-9A5C-F9DB498B6C6B}
	EndGlobalSection
EndGlobal
