
Microsoft Visual Studio Solution File, Format Version 12.00
# Visual Studio Version 17
VisualStudioVersion = 17.5.002.0
MinimumVisualStudioVersion = 10.0.40219.1
Project("{9A19103F-16F7-4668-BE54-9A1E7A4F7556}") = "Resume", "Resume.csproj", "{47297E94-359D-4B15-BBA5-4016A987195E}"
EndProject
Global
	GlobalSection(SolutionConfigurationPlatforms) = preSolution
		Debug|Any CPU = Debug|Any CPU
		Release|Any CPU = Release|Any CPU
	EndGlobalSection
	GlobalSection(ProjectConfigurationPlatforms) = postSolution
		{47297E94-359D-4B15-BBA5-4016A987195E}.Debug|Any CPU.ActiveCfg = Debug|Any CPU
		{47297E94-359D-4B15-BBA5-4016A987195E}.Debug|Any CPU.Build.0 = Debug|Any CPU
		{47297E94-359D-4B15-BBA5-4016A987195E}.Release|Any CPU.ActiveCfg = Release|Any CPU
		{47297E94-359D-4B15-BBA5-4016A987195E}.Release|Any CPU.Build.0 = Release|Any CPU
	EndGlobalSection
	GlobalSection(SolutionProperties) = preSolution
		HideSolutionNode = FALSE
	EndGlobalSection
	GlobalSection(ExtensibilityGlobals) = postSolution
		SolutionGuid = {A489962A-210D-488A-B6A3-A2E1CDF0D6C9}
	EndGlobalSection
EndGlobal
